
Microsoft Visual Studio Solution File, Format Version 12.00
# Visual Studio Version 16
VisualStudioVersion = 16.0.30204.135
MinimumVisualStudioVersion = 10.0.40219.1
Project("{FAE04EC0-301F-11D3-BF4B-00C04F79EFBC}") = "WebScraper", "WebScraper\WebScraper.csproj", "{48D54736-FA12-4CE7-8663-46A8E0C0559A}"
EndProject
Global
	GlobalSection(SolutionConfigurationPlatforms) = preSolution
		Debug|Any CPU = Debug|Any CPU
		Release|Any CPU = Release|Any CPU
	EndGlobalSection
	GlobalSection(ProjectConfigurationPlatforms) = postSolution
		{48D54736-FA12-4CE7-8663-46A8E0C0559A}.Debug|Any CPU.ActiveCfg = Debug|Any CPU
		{48D54736-FA12-4CE7-8663-46A8E0C0559A}.Debug|Any CPU.Build.0 = Debug|Any CPU
		{48D54736-FA12-4CE7-8663-46A8E0C0559A}.Release|Any CPU.ActiveCfg = Release|Any CPU
		{48D54736-FA12-4CE7-8663-46A8E0C0559A}.Release|Any CPU.Build.0 = Release|Any CPU
	EndGlobalSection
	GlobalSection(SolutionProperties) = preSolution
		HideSolutionNode = FALSE
	EndGlobalSection
	GlobalSection(ExtensibilityGlobals) = postSolution
		SolutionGuid = {5FC6EA32-CDAE-4B14-8D69-D9F7339A824C}
	EndGlobalSection
EndGlobal
